
Microsoft Visual Studio Solution File, Format Version 12.00
# Visual Studio Version 17
VisualStudioVersion = 17.9.34622.214
MinimumVisualStudioVersion = 10.0.40219.1
Project("{FAE04EC0-301F-11D3-BF4B-00C04F79EFBC}") = "Interfaces", "Interfaces\Interfaces.csproj", "{674E87CD-0621-44E1-BD26-5782F148967C}"
EndProject
Global
	GlobalSection(SolutionConfigurationPlatforms) = preSolution
		Debug|Any CPU = Debug|Any CPU
		Release|Any CPU = Release|Any CPU
	EndGlobalSection
	GlobalSection(ProjectConfigurationPlatforms) = postSolution
		{674E87CD-0621-44E1-BD26-5782F148967C}.Debug|Any CPU.ActiveCfg = Debug|Any CPU
		{674E87CD-0621-44E1-BD26-5782F148967C}.Debug|Any CPU.Build.0 = Debug|Any CPU
		{674E87CD-0621-44E1-BD26-5782F148967C}.Release|Any CPU.ActiveCfg = Release|Any CPU
		{674E87CD-0621-44E1-BD26-5782F148967C}.Release|Any CPU.Build.0 = Release|Any CPU
	EndGlobalSection
	GlobalSection(SolutionProperties) = preSolution
		HideSolutionNode = FALSE
	EndGlobalSection
	GlobalSection(ExtensibilityGlobals) = postSolution
		SolutionGuid = {5E0C706B-8AF1-4FBB-9F57-2AFBEF61DE65}
	EndGlobalSection
EndGlobal
