
Microsoft Visual Studio Solution File, Format Version 12.00
# Visual Studio Version 17
VisualStudioVersion = 17.9.34622.214
MinimumVisualStudioVersion = 10.0.40219.1
Project("{FAE04EC0-301F-11D3-BF4B-00C04F79EFBC}") = "Conta bancária com exception", "Conta bancária com exception\Conta bancária com exception.csproj", "{DA1414E5-F374-4295-9B95-6898FE67F1B6}"
EndProject
Global
	GlobalSection(SolutionConfigurationPlatforms) = preSolution
		Debug|Any CPU = Debug|Any CPU
		Release|Any CPU = Release|Any CPU
	EndGlobalSection
	GlobalSection(ProjectConfigurationPlatforms) = postSolution
		{DA1414E5-F374-4295-9B95-6898FE67F1B6}.Debug|Any CPU.ActiveCfg = Debug|Any CPU
		{DA1414E5-F374-4295-9B95-6898FE67F1B6}.Debug|Any CPU.Build.0 = Debug|Any CPU
		{DA1414E5-F374-4295-9B95-6898FE67F1B6}.Release|Any CPU.ActiveCfg = Release|Any CPU
		{DA1414E5-F374-4295-9B95-6898FE67F1B6}.Release|Any CPU.Build.0 = Release|Any CPU
	EndGlobalSection
	GlobalSection(SolutionProperties) = preSolution
		HideSolutionNode = FALSE
	EndGlobalSection
	GlobalSection(ExtensibilityGlobals) = postSolution
		SolutionGuid = {F3697C94-881C-41E8-BE8D-0A2802364A4A}
	EndGlobalSection
EndGlobal
